// !$*UTF8*$!
{
	archiveVersion = 1;
	classes = {
	};
	objectVersion = 50;
	objects = {

/* Begin PBXBuildFile section */
		663E526722C22C4C0050323F /* AppDelegate.m in Sources */ = {isa = PBXBuildFile; fileRef = 663E526622C22C4C0050323F /* AppDelegate.m */; };
		663E526A22C22C4C0050323F /* ViewController.m in Sources */ = {isa = PBXBuildFile; fileRef = 663E526922C22C4C0050323F /* ViewController.m */; };
		663E526D22C22C4C0050323F /* Main.storyboard in Resources */ = {isa = PBXBuildFile; fileRef = 663E526B22C22C4C0050323F /* Main.storyboard */; };
		663E526F22C22C4D0050323F /* Assets.xcassets in Resources */ = {isa = PBXBuildFile; fileRef = 663E526E22C22C4D0050323F /* Assets.xcassets */; };
		663E527222C22C4D0050323F /* LaunchScreen.storyboard in Resources */ = {isa = PBXBuildFile; fileRef = 663E527022C22C4D0050323F /* LaunchScreen.storyboard */; };
		663E527522C22C4D0050323F /* main.m in Sources */ = {isa = PBXBuildFile; fileRef = 663E527422C22C4D0050323F /* main.m */; };
		663E527F22C22C4D0050323F /* DemoTests.m in Sources */ = {isa = PBXBuildFile; fileRef = 663E527E22C22C4D0050323F /* DemoTests.m */; };
		663E528A22C22C4D0050323F /* DemoUITests.m in Sources */ = {isa = PBXBuildFile; fileRef = 663E528922C22C4D0050323F /* DemoUITests.m */; };
		663E52DF22C22CE40050323F /* UITableView+WWExtension.m in Sources */ = {isa = PBXBuildFile; fileRef = 663E529C22C22CE30050323F /* UITableView+WWExtension.m */; };
		663E52E022C22CE40050323F /* RootTableViewController.m in Sources */ = {isa = PBXBuildFile; fileRef = 663E529D22C22CE30050323F /* RootTableViewController.m */; };
		663E52E122C22CE40050323F /* menu.plist in Resources */ = {isa = PBXBuildFile; fileRef = 663E529E22C22CE30050323F /* menu.plist */; };
		663E52E222C22CE40050323F /* TagViewModel.m in Sources */ = {isa = PBXBuildFile; fileRef = 663E52A622C22CE40050323F /* TagViewModel.m */; };
		663E52E322C22CE40050323F /* TagViewStyle.plist in Resources */ = {isa = PBXBuildFile; fileRef = 663E52A722C22CE40050323F /* TagViewStyle.plist */; };
		663E52E422C22CE40050323F /* TagModel.m in Sources */ = {isa = PBXBuildFile; fileRef = 663E52A822C22CE40050323F /* TagModel.m */; };
		663E52E522C22CE40050323F /* TagBuilderView.xib in Resources */ = {isa = PBXBuildFile; fileRef = 663E52AA22C22CE40050323F /* TagBuilderView.xib */; };
		663E52E622C22CE40050323F /* TagView.m in Sources */ = {isa = PBXBuildFile; fileRef = 663E52AC22C22CE40050323F /* TagView.m */; };
		663E52E722C22CE40050323F /* MarkedImageView.m in Sources */ = {isa = PBXBuildFile; fileRef = 663E52AE22C22CE40050323F /* MarkedImageView.m */; };
		663E52E822C22CE40050323F /* TagBuilderView.m in Sources */ = {isa = PBXBuildFile; fileRef = 663E52B022C22CE40050323F /* TagBuilderView.m */; };
		663E52E922C22CE40050323F /* TaggedImageViewController.m in Sources */ = {isa = PBXBuildFile; fileRef = 663E52B122C22CE40050323F /* TaggedImageViewController.m */; };
		663E52EA22C22CE40050323F /* LumberjackDemoViewController.m in Sources */ = {isa = PBXBuildFile; fileRef = 663E52B422C22CE40050323F /* LumberjackDemoViewController.m */; };
		663E52EB22C22CE40050323F /* NSDictionary+WWExtension.m in Sources */ = {isa = PBXBuildFile; fileRef = 663E52B822C22CE40050323F /* NSDictionary+WWExtension.m */; };
		663E52EC22C22CE40050323F /* NSString+WWExtension.m in Sources */ = {isa = PBXBuildFile; fileRef = 663E52B922C22CE40050323F /* NSString+WWExtension.m */; };
		663E52ED22C22CE40050323F /* NSArray+WWExtension.m in Sources */ = {isa = PBXBuildFile; fileRef = 663E52BA22C22CE40050323F /* NSArray+WWExtension.m */; };
		663E52EE22C22CE40050323F /* UIView+WWView.m in Sources */ = {isa = PBXBuildFile; fileRef = 663E52C122C22CE40050323F /* UIView+WWView.m */; };
		663E52EF22C22CE40050323F /* WWBaseAppDelegate.m in Sources */ = {isa = PBXBuildFile; fileRef = 663E52C622C22CE40050323F /* WWBaseAppDelegate.m */; };
		663E52F022C22CE40050323F /* WWRouter.plist in Resources */ = {isa = PBXBuildFile; fileRef = 663E52C922C22CE40050323F /* WWRouter.plist */; };
		663E52F122C22CE40050323F /* WWRouter.m in Sources */ = {isa = PBXBuildFile; fileRef = 663E52CB22C22CE40050323F /* WWRouter.m */; };
		663E52F222C22CE40050323F /* WWBaseNavigationController.m in Sources */ = {isa = PBXBuildFile; fileRef = 663E52CF22C22CE40050323F /* WWBaseNavigationController.m */; };
		663E52F322C22CE40050323F /* WWBaseTabBarConfiguration.plist in Resources */ = {isa = PBXBuildFile; fileRef = 663E52D222C22CE40050323F /* WWBaseTabBarConfiguration.plist */; };
		663E52F422C22CE40050323F /* WWBaseTabBarController.m in Sources */ = {isa = PBXBuildFile; fileRef = 663E52D322C22CE40050323F /* WWBaseTabBarController.m */; };
		663E52F522C22CE40050323F /* WWBaseViewController.m in Sources */ = {isa = PBXBuildFile; fileRef = 663E52D522C22CE40050323F /* WWBaseViewController.m */; };
		663E52F622C22CE40050323F /* WWPrivacyHelper.m in Sources */ = {isa = PBXBuildFile; fileRef = 663E52D922C22CE40050323F /* WWPrivacyHelper.m */; };
		66DDD56F22C2FF6E00764F00 /* FXBlurView.m in Sources */ = {isa = PBXBuildFile; fileRef = 66DDD56E22C2FF6E00764F00 /* FXBlurView.m */; };
/* End PBXBuildFile section */

/* Begin PBXContainerItemProxy section */
		663E527B22C22C4D0050323F /* PBXContainerItemProxy */ = {
			isa = PBXContainerItemProxy;
			containerPortal = 663E525A22C22C4C0050323F /* Project object */;
			proxyType = 1;
			remoteGlobalIDString = 663E526122C22C4C0050323F;
			remoteInfo = Demo;
		};
		663E528622C22C4D0050323F /* PBXContainerItemProxy */ = {
			isa = PBXContainerItemProxy;
			containerPortal = 663E525A22C22C4C0050323F /* Project object */;
			proxyType = 1;
			remoteGlobalIDString = 663E526122C22C4C0050323F;
			remoteInfo = Demo;
		};
/* End PBXContainerItemProxy section */

/* Begin PBXFileReference section */
		663E526222C22C4C0050323F /* Demo.app */ = {isa = PBXFileReference; explicitFileType = wrapper.application; includeInIndex = 0; path = Demo.app; sourceTree = BUILT_PRODUCTS_DIR; };
		663E526522C22C4C0050323F /* AppDelegate.h */ = {isa = PBXFileReference; lastKnownFileType = sourcecode.c.h; path = AppDelegate.h; sourceTree = "<group>"; };
		663E526622C22C4C0050323F /* AppDelegate.m */ = {isa = PBXFileReference; lastKnownFileType = sourcecode.c.objc; path = AppDelegate.m; sourceTree = "<group>"; };
		663E526822C22C4C0050323F /* ViewController.h */ = {isa = PBXFileReference; lastKnownFileType = sourcecode.c.h; path = ViewController.h; sourceTree = "<group>"; };
		663E526922C22C4C0050323F /* ViewController.m */ = {isa = PBXFileReference; lastKnownFileType = sourcecode.c.objc; path = ViewController.m; sourceTree = "<group>"; };
		663E526C22C22C4C0050323F /* Base */ = {isa = PBXFileReference; lastKnownFileType = file.storyboard; name = Base; path = Base.lproj/Main.storyboard; sourceTree = "<group>"; };
		663E526E22C22C4D0050323F /* Assets.xcassets */ = {isa = PBXFileReference; lastKnownFileType = folder.assetcatalog; path = Assets.xcassets; sourceTree = "<group>"; };
		663E527122C22C4D0050323F /* Base */ = {isa = PBXFileReference; lastKnownFileType = file.storyboard; name = Base; path = Base.lproj/LaunchScreen.storyboard; sourceTree = "<group>"; };
		663E527322C22C4D0050323F /* Info.plist */ = {isa = PBXFileReference; lastKnownFileType = text.plist.xml; path = Info.plist; sourceTree = "<group>"; };
		663E527422C22C4D0050323F /* main.m */ = {isa = PBXFileReference; lastKnownFileType = sourcecode.c.objc; path = main.m; sourceTree = "<group>"; };
		663E527A22C22C4D0050323F /* DemoTests.xctest */ = {isa = PBXFileReference; explicitFileType = wrapper.cfbundle; includeInIndex = 0; path = DemoTests.xctest; sourceTree = BUILT_PRODUCTS_DIR; };
		663E527E22C22C4D0050323F /* DemoTests.m */ = {isa = PBXFileReference; lastKnownFileType = sourcecode.c.objc; path = DemoTests.m; sourceTree = "<group>"; };
		663E528022C22C4D0050323F /* Info.plist */ = {isa = PBXFileReference; lastKnownFileType = text.plist.xml; path = Info.plist; sourceTree = "<group>"; };
		663E528522C22C4D0050323F /* DemoUITests.xctest */ = {isa = PBXFileReference; explicitFileType = wrapper.cfbundle; includeInIndex = 0; path = DemoUITests.xctest; sourceTree = BUILT_PRODUCTS_DIR; };
		663E528922C22C4D0050323F /* DemoUITests.m */ = {isa = PBXFileReference; lastKnownFileType = sourcecode.c.objc; path = DemoUITests.m; sourceTree = "<group>"; };
		663E528B22C22C4D0050323F /* Info.plist */ = {isa = PBXFileReference; lastKnownFileType = text.plist.xml; path = Info.plist; sourceTree = "<group>"; };
		663E529722C22C5D0050323F /* PrefixHeader.pch */ = {isa = PBXFileReference; lastKnownFileType = sourcecode.c.h; path = PrefixHeader.pch; sourceTree = "<group>"; };
		663E529A22C22CE30050323F /* UITableView+WWExtension.h */ = {isa = PBXFileReference; fileEncoding = 4; lastKnownFileType = sourcecode.c.h; path = "UITableView+WWExtension.h"; sourceTree = "<group>"; };
		663E529B22C22CE30050323F /* WWFoldable.h */ = {isa = PBXFileReference; fileEncoding = 4; lastKnownFileType = sourcecode.c.h; path = WWFoldable.h; sourceTree = "<group>"; };
		663E529C22C22CE30050323F /* UITableView+WWExtension.m */ = {isa = PBXFileReference; fileEncoding = 4; lastKnownFileType = sourcecode.c.objc; path = "UITableView+WWExtension.m"; sourceTree = "<group>"; };
		663E529D22C22CE30050323F /* RootTableViewController.m */ = {isa = PBXFileReference; fileEncoding = 4; lastKnownFileType = sourcecode.c.objc; path = RootTableViewController.m; sourceTree = "<group>"; };
		663E529E22C22CE30050323F /* menu.plist */ = {isa = PBXFileReference; fileEncoding = 4; lastKnownFileType = text.plist.xml; path = menu.plist; sourceTree = "<group>"; };
		663E529F22C22CE30050323F /* RootTableViewController.h */ = {isa = PBXFileReference; fileEncoding = 4; lastKnownFileType = sourcecode.c.h; path = RootTableViewController.h; sourceTree = "<group>"; };
		663E52A222C22CE40050323F /* TaggedImageViewController.h */ = {isa = PBXFileReference; fileEncoding = 4; lastKnownFileType = sourcecode.c.h; path = TaggedImageViewController.h; sourceTree = "<group>"; };
		663E52A422C22CE40050323F /* TagViewModel.h */ = {isa = PBXFileReference; fileEncoding = 4; lastKnownFileType = sourcecode.c.h; path = TagViewModel.h; sourceTree = "<group>"; };
		663E52A522C22CE40050323F /* TagModel.h */ = {isa = PBXFileReference; fileEncoding = 4; lastKnownFileType = sourcecode.c.h; path = TagModel.h; sourceTree = "<group>"; };
		663E52A622C22CE40050323F /* TagViewModel.m */ = {isa = PBXFileReference; fileEncoding = 4; lastKnownFileType = sourcecode.c.objc; path = TagViewModel.m; sourceTree = "<group>"; };
		663E52A722C22CE40050323F /* TagViewStyle.plist */ = {isa = PBXFileReference; fileEncoding = 4; lastKnownFileType = text.plist.xml; path = TagViewStyle.plist; sourceTree = "<group>"; };
		663E52A822C22CE40050323F /* TagModel.m */ = {isa = PBXFileReference; fileEncoding = 4; lastKnownFileType = sourcecode.c.objc; path = TagModel.m; sourceTree = "<group>"; };
		663E52AA22C22CE40050323F /* TagBuilderView.xib */ = {isa = PBXFileReference; fileEncoding = 4; lastKnownFileType = file.xib; path = TagBuilderView.xib; sourceTree = "<group>"; };
		663E52AB22C22CE40050323F /* MarkedImageView.h */ = {isa = PBXFileReference; fileEncoding = 4; lastKnownFileType = sourcecode.c.h; path = MarkedImageView.h; sourceTree = "<group>"; };
		663E52AC22C22CE40050323F /* TagView.m */ = {isa = PBXFileReference; fileEncoding = 4; lastKnownFileType = sourcecode.c.objc; path = TagView.m; sourceTree = "<group>"; };
		663E52AD22C22CE40050323F /* TagBuilderView.h */ = {isa = PBXFileReference; fileEncoding = 4; lastKnownFileType = sourcecode.c.h; path = TagBuilderView.h; sourceTree = "<group>"; };
		663E52AE22C22CE40050323F /* MarkedImageView.m */ = {isa = PBXFileReference; fileEncoding = 4; lastKnownFileType = sourcecode.c.objc; path = MarkedImageView.m; sourceTree = "<group>"; };
		663E52AF22C22CE40050323F /* TagView.h */ = {isa = PBXFileReference; fileEncoding = 4; lastKnownFileType = sourcecode.c.h; path = TagView.h; sourceTree = "<group>"; };
		663E52B022C22CE40050323F /* TagBuilderView.m */ = {isa = PBXFileReference; fileEncoding = 4; lastKnownFileType = sourcecode.c.objc; path = TagBuilderView.m; sourceTree = "<group>"; };
		663E52B122C22CE40050323F /* TaggedImageViewController.m */ = {isa = PBXFileReference; fileEncoding = 4; lastKnownFileType = sourcecode.c.objc; path = TaggedImageViewController.m; sourceTree = "<group>"; };
		663E52B322C22CE40050323F /* LumberjackDemoViewController.h */ = {isa = PBXFileReference; fileEncoding = 4; lastKnownFileType = sourcecode.c.h; path = LumberjackDemoViewController.h; sourceTree = "<group>"; };
		663E52B422C22CE40050323F /* LumberjackDemoViewController.m */ = {isa = PBXFileReference; fileEncoding = 4; lastKnownFileType = sourcecode.c.objc; path = LumberjackDemoViewController.m; sourceTree = "<group>"; };
		663E52B822C22CE40050323F /* NSDictionary+WWExtension.m */ = {isa = PBXFileReference; fileEncoding = 4; lastKnownFileType = sourcecode.c.objc; path = "NSDictionary+WWExtension.m"; sourceTree = "<group>"; };
		663E52B922C22CE40050323F /* NSString+WWExtension.m */ = {isa = PBXFileReference; fileEncoding = 4; lastKnownFileType = sourcecode.c.objc; path = "NSString+WWExtension.m"; sourceTree = "<group>"; };
		663E52BA22C22CE40050323F /* NSArray+WWExtension.m */ = {isa = PBXFileReference; fileEncoding = 4; lastKnownFileType = sourcecode.c.objc; path = "NSArray+WWExtension.m"; sourceTree = "<group>"; };
		663E52BB22C22CE40050323F /* NSDictionary+WWExtension.h */ = {isa = PBXFileReference; fileEncoding = 4; lastKnownFileType = sourcecode.c.h; path = "NSDictionary+WWExtension.h"; sourceTree = "<group>"; };
		663E52BC22C22CE40050323F /* NSArray+WWExtension.h */ = {isa = PBXFileReference; fileEncoding = 4; lastKnownFileType = sourcecode.c.h; path = "NSArray+WWExtension.h"; sourceTree = "<group>"; };
		663E52BD22C22CE40050323F /* NSString+WWExtension.h */ = {isa = PBXFileReference; fileEncoding = 4; lastKnownFileType = sourcecode.c.h; path = "NSString+WWExtension.h"; sourceTree = "<group>"; };
		663E52BE22C22CE40050323F /* WWCore.h */ = {isa = PBXFileReference; fileEncoding = 4; lastKnownFileType = sourcecode.c.h; path = WWCore.h; sourceTree = "<group>"; };
		663E52C122C22CE40050323F /* UIView+WWView.m */ = {isa = PBXFileReference; fileEncoding = 4; lastKnownFileType = sourcecode.c.objc; path = "UIView+WWView.m"; sourceTree = "<group>"; };
		663E52C222C22CE40050323F /* UIView+WWView.h */ = {isa = PBXFileReference; fileEncoding = 4; lastKnownFileType = sourcecode.c.h; path = "UIView+WWView.h"; sourceTree = "<group>"; };
		663E52C322C22CE40050323F /* WWUIKit.h */ = {isa = PBXFileReference; fileEncoding = 4; lastKnownFileType = sourcecode.c.h; path = WWUIKit.h; sourceTree = "<group>"; };
		663E52C622C22CE40050323F /* WWBaseAppDelegate.m */ = {isa = PBXFileReference; fileEncoding = 4; lastKnownFileType = sourcecode.c.objc; path = WWBaseAppDelegate.m; sourceTree = "<group>"; };
		663E52C722C22CE40050323F /* WWBaseAppDelegate.h */ = {isa = PBXFileReference; fileEncoding = 4; lastKnownFileType = sourcecode.c.h; path = WWBaseAppDelegate.h; sourceTree = "<group>"; };
		663E52C922C22CE40050323F /* WWRouter.plist */ = {isa = PBXFileReference; fileEncoding = 4; lastKnownFileType = text.plist.xml; path = WWRouter.plist; sourceTree = "<group>"; };
		663E52CA22C22CE40050323F /* WWRouter.h */ = {isa = PBXFileReference; fileEncoding = 4; lastKnownFileType = sourcecode.c.h; path = WWRouter.h; sourceTree = "<group>"; };
		663E52CB22C22CE40050323F /* WWRouter.m */ = {isa = PBXFileReference; fileEncoding = 4; lastKnownFileType = sourcecode.c.objc; path = WWRouter.m; sourceTree = "<group>"; };
		663E52CC22C22CE40050323F /* WWCommon.h */ = {isa = PBXFileReference; fileEncoding = 4; lastKnownFileType = sourcecode.c.h; path = WWCommon.h; sourceTree = "<group>"; };
		663E52CE22C22CE40050323F /* WWBaseNavigationController.h */ = {isa = PBXFileReference; fileEncoding = 4; lastKnownFileType = sourcecode.c.h; path = WWBaseNavigationController.h; sourceTree = "<group>"; };
		663E52CF22C22CE40050323F /* WWBaseNavigationController.m */ = {isa = PBXFileReference; fileEncoding = 4; lastKnownFileType = sourcecode.c.objc; path = WWBaseNavigationController.m; sourceTree = "<group>"; };
		663E52D122C22CE40050323F /* WWBaseTabBarController.h */ = {isa = PBXFileReference; fileEncoding = 4; lastKnownFileType = sourcecode.c.h; path = WWBaseTabBarController.h; sourceTree = "<group>"; };
		663E52D222C22CE40050323F /* WWBaseTabBarConfiguration.plist */ = {isa = PBXFileReference; fileEncoding = 4; lastKnownFileType = text.plist.xml; path = WWBaseTabBarConfiguration.plist; sourceTree = "<group>"; };
		663E52D322C22CE40050323F /* WWBaseTabBarController.m */ = {isa = PBXFileReference; fileEncoding = 4; lastKnownFileType = sourcecode.c.objc; path = WWBaseTabBarController.m; sourceTree = "<group>"; };
		663E52D522C22CE40050323F /* WWBaseViewController.m */ = {isa = PBXFileReference; fileEncoding = 4; lastKnownFileType = sourcecode.c.objc; path = WWBaseViewController.m; sourceTree = "<group>"; };
		663E52D622C22CE40050323F /* WWBaseViewController.h */ = {isa = PBXFileReference; fileEncoding = 4; lastKnownFileType = sourcecode.c.h; path = WWBaseViewController.h; sourceTree = "<group>"; };
		663E52D822C22CE40050323F /* WWPrivacyHelper.h */ = {isa = PBXFileReference; fileEncoding = 4; lastKnownFileType = sourcecode.c.h; path = WWPrivacyHelper.h; sourceTree = "<group>"; };
		663E52D922C22CE40050323F /* WWPrivacyHelper.m */ = {isa = PBXFileReference; fileEncoding = 4; lastKnownFileType = sourcecode.c.objc; path = WWPrivacyHelper.m; sourceTree = "<group>"; };
		663E52DA22C22CE40050323F /* WWKit.h */ = {isa = PBXFileReference; fileEncoding = 4; lastKnownFileType = sourcecode.c.h; path = WWKit.h; sourceTree = "<group>"; };
		663E52DC22C22CE40050323F /* UIMacro.h */ = {isa = PBXFileReference; fileEncoding = 4; lastKnownFileType = sourcecode.c.h; path = UIMacro.h; sourceTree = "<group>"; };
		663E52DD22C22CE40050323F /* GeneralConfig.h */ = {isa = PBXFileReference; fileEncoding = 4; lastKnownFileType = sourcecode.c.h; path = GeneralConfig.h; sourceTree = "<group>"; };
		663E52DE22C22CE40050323F /* GeneralMacro.h */ = {isa = PBXFileReference; fileEncoding = 4; lastKnownFileType = sourcecode.c.h; path = GeneralMacro.h; sourceTree = "<group>"; };
		66DDD56D22C2FF6E00764F00 /* FXBlurView.h */ = {isa = PBXFileReference; fileEncoding = 4; lastKnownFileType = sourcecode.c.h; path = FXBlurView.h; sourceTree = "<group>"; };
		66DDD56E22C2FF6E00764F00 /* FXBlurView.m */ = {isa = PBXFileReference; fileEncoding = 4; lastKnownFileType = sourcecode.c.objc; path = FXBlurView.m; sourceTree = "<group>"; };
/* End PBXFileReference section */

/* Begin PBXFrameworksBuildPhase section */
		663E525F22C22C4C0050323F /* Frameworks */ = {
			isa = PBXFrameworksBuildPhase;
			buildActionMask = 2147483647;
			files = (
			);
			runOnlyForDeploymentPostprocessing = 0;
		};
		663E527722C22C4D0050323F /* Frameworks */ = {
			isa = PBXFrameworksBuildPhase;
			buildActionMask = 2147483647;
			files = (
			);
			runOnlyForDeploymentPostprocessing = 0;
		};
		663E528222C22C4D0050323F /* Frameworks */ = {
			isa = PBXFrameworksBuildPhase;
			buildActionMask = 2147483647;
			files = (
			);
			runOnlyForDeploymentPostprocessing = 0;
		};
/* End PBXFrameworksBuildPhase section */

/* Begin PBXGroup section */
		663E525922C22C4C0050323F = {
			isa = PBXGroup;
			children = (
				663E526422C22C4C0050323F /* Demo */,
				663E527D22C22C4D0050323F /* DemoTests */,
				663E528822C22C4D0050323F /* DemoUITests */,
				663E526322C22C4C0050323F /* Products */,
			);
			sourceTree = "<group>";
		};
		663E526322C22C4C0050323F /* Products */ = {
			isa = PBXGroup;
			children = (
				663E526222C22C4C0050323F /* Demo.app */,
				663E527A22C22C4D0050323F /* DemoTests.xctest */,
				663E528522C22C4D0050323F /* DemoUITests.xctest */,
			);
			name = Products;
			sourceTree = "<group>";
		};
		663E526422C22C4C0050323F /* Demo */ = {
			isa = PBXGroup;
			children = (
				66DDD56C22C2FF6E00764F00 /* FXBlurView */,
				663E52A022C22CE40050323F /* Demoes */,
				663E529822C22CE30050323F /* RootViewController */,
				663E52B522C22CE40050323F /* WWKit */,
				663E526522C22C4C0050323F /* AppDelegate.h */,
				663E526622C22C4C0050323F /* AppDelegate.m */,
				663E526822C22C4C0050323F /* ViewController.h */,
				663E526922C22C4C0050323F /* ViewController.m */,
				663E526B22C22C4C0050323F /* Main.storyboard */,
				663E526E22C22C4D0050323F /* Assets.xcassets */,
				663E527022C22C4D0050323F /* LaunchScreen.storyboard */,
				663E527322C22C4D0050323F /* Info.plist */,
				663E527422C22C4D0050323F /* main.m */,
				663E529722C22C5D0050323F /* PrefixHeader.pch */,
			);
			path = Demo;
			sourceTree = "<group>";
		};
		663E527D22C22C4D0050323F /* DemoTests */ = {
			isa = PBXGroup;
			children = (
				663E527E22C22C4D0050323F /* DemoTests.m */,
				663E528022C22C4D0050323F /* Info.plist */,
			);
			path = DemoTests;
			sourceTree = "<group>";
		};
		663E528822C22C4D0050323F /* DemoUITests */ = {
			isa = PBXGroup;
			children = (
				663E528922C22C4D0050323F /* DemoUITests.m */,
				663E528B22C22C4D0050323F /* Info.plist */,
			);
			path = DemoUITests;
			sourceTree = "<group>";
		};
		663E529822C22CE30050323F /* RootViewController */ = {
			isa = PBXGroup;
			children = (
				663E529922C22CE30050323F /* WWFoldableTableView */,
				663E529F22C22CE30050323F /* RootTableViewController.h */,
				663E529D22C22CE30050323F /* RootTableViewController.m */,
				663E529E22C22CE30050323F /* menu.plist */,
			);
			path = RootViewController;
			sourceTree = "<group>";
		};
		663E529922C22CE30050323F /* WWFoldableTableView */ = {
			isa = PBXGroup;
			children = (
				663E529A22C22CE30050323F /* UITableView+WWExtension.h */,
				663E529C22C22CE30050323F /* UITableView+WWExtension.m */,
				663E529B22C22CE30050323F /* WWFoldable.h */,
			);
			path = WWFoldableTableView;
			sourceTree = "<group>";
		};
		663E52A022C22CE40050323F /* Demoes */ = {
			isa = PBXGroup;
			children = (
				663E52A122C22CE40050323F /* TaggedImage */,
				663E52B222C22CE40050323F /* LumberjackDemo */,
			);
			path = Demoes;
			sourceTree = "<group>";
		};
		663E52A122C22CE40050323F /* TaggedImage */ = {
			isa = PBXGroup;
			children = (
				663E52A222C22CE40050323F /* TaggedImageViewController.h */,
				663E52B122C22CE40050323F /* TaggedImageViewController.m */,
				663E52A322C22CE40050323F /* Model */,
				663E52A922C22CE40050323F /* View */,
			);
			path = TaggedImage;
			sourceTree = "<group>";
		};
		663E52A322C22CE40050323F /* Model */ = {
			isa = PBXGroup;
			children = (
				663E52A522C22CE40050323F /* TagModel.h */,
				663E52A822C22CE40050323F /* TagModel.m */,
				663E52A422C22CE40050323F /* TagViewModel.h */,
				663E52A622C22CE40050323F /* TagViewModel.m */,
				663E52A722C22CE40050323F /* TagViewStyle.plist */,
			);
			path = Model;
			sourceTree = "<group>";
		};
		663E52A922C22CE40050323F /* View */ = {
			isa = PBXGroup;
			children = (
				663E52AF22C22CE40050323F /* TagView.h */,
				663E52AC22C22CE40050323F /* TagView.m */,
				663E52AB22C22CE40050323F /* MarkedImageView.h */,
				663E52AE22C22CE40050323F /* MarkedImageView.m */,
				663E52AD22C22CE40050323F /* TagBuilderView.h */,
				663E52B022C22CE40050323F /* TagBuilderView.m */,
				663E52AA22C22CE40050323F /* TagBuilderView.xib */,
			);
			path = View;
			sourceTree = "<group>";
		};
		663E52B222C22CE40050323F /* LumberjackDemo */ = {
			isa = PBXGroup;
			children = (
				663E52B322C22CE40050323F /* LumberjackDemoViewController.h */,
				663E52B422C22CE40050323F /* LumberjackDemoViewController.m */,
			);
			path = LumberjackDemo;
			sourceTree = "<group>";
		};
		663E52B522C22CE40050323F /* WWKit */ = {
			isa = PBXGroup;
			children = (
				663E52B622C22CE40050323F /* WWCoreKit */,
				663E52BF22C22CE40050323F /* WWUIKit */,
				663E52C422C22CE40050323F /* WWCommon */,
				663E52DA22C22CE40050323F /* WWKit.h */,
				663E52DB22C22CE40050323F /* WWMacro */,
			);
			path = WWKit;
			sourceTree = "<group>";
		};
		663E52B622C22CE40050323F /* WWCoreKit */ = {
			isa = PBXGroup;
			children = (
				663E52B722C22CE40050323F /* WWFoundation */,
				663E52BE22C22CE40050323F /* WWCore.h */,
			);
			path = WWCoreKit;
			sourceTree = "<group>";
		};
		663E52B722C22CE40050323F /* WWFoundation */ = {
			isa = PBXGroup;
			children = (
				663E52BD22C22CE40050323F /* NSString+WWExtension.h */,
				663E52B922C22CE40050323F /* NSString+WWExtension.m */,
				663E52BC22C22CE40050323F /* NSArray+WWExtension.h */,
				663E52BA22C22CE40050323F /* NSArray+WWExtension.m */,
				663E52BB22C22CE40050323F /* NSDictionary+WWExtension.h */,
				663E52B822C22CE40050323F /* NSDictionary+WWExtension.m */,
			);
			path = WWFoundation;
			sourceTree = "<group>";
		};
		663E52BF22C22CE40050323F /* WWUIKit */ = {
			isa = PBXGroup;
			children = (
				663E52C022C22CE40050323F /* WWUICategory */,
				663E52C322C22CE40050323F /* WWUIKit.h */,
			);
			path = WWUIKit;
			sourceTree = "<group>";
		};
		663E52C022C22CE40050323F /* WWUICategory */ = {
			isa = PBXGroup;
			children = (
				663E52C222C22CE40050323F /* UIView+WWView.h */,
				663E52C122C22CE40050323F /* UIView+WWView.m */,
			);
			path = WWUICategory;
			sourceTree = "<group>";
		};
		663E52C422C22CE40050323F /* WWCommon */ = {
			isa = PBXGroup;
			children = (
				663E52C522C22CE40050323F /* WWBaseAppDelegate */,
				663E52C822C22CE40050323F /* WWRouter */,
				663E52CC22C22CE40050323F /* WWCommon.h */,
				663E52CD22C22CE40050323F /* WWBaseNavigationController */,
				663E52D022C22CE40050323F /* WWBaseTabBarController */,
				663E52D422C22CE40050323F /* WWBaseViewController */,
				663E52D722C22CE40050323F /* WWPrivacyHelper */,
			);
			path = WWCommon;
			sourceTree = "<group>";
		};
		663E52C522C22CE40050323F /* WWBaseAppDelegate */ = {
			isa = PBXGroup;
			children = (
				663E52C722C22CE40050323F /* WWBaseAppDelegate.h */,
				663E52C622C22CE40050323F /* WWBaseAppDelegate.m */,
			);
			path = WWBaseAppDelegate;
			sourceTree = "<group>";
		};
		663E52C822C22CE40050323F /* WWRouter */ = {
			isa = PBXGroup;
			children = (
				663E52C922C22CE40050323F /* WWRouter.plist */,
				663E52CA22C22CE40050323F /* WWRouter.h */,
				663E52CB22C22CE40050323F /* WWRouter.m */,
			);
			path = WWRouter;
			sourceTree = "<group>";
		};
		663E52CD22C22CE40050323F /* WWBaseNavigationController */ = {
			isa = PBXGroup;
			children = (
				663E52CE22C22CE40050323F /* WWBaseNavigationController.h */,
				663E52CF22C22CE40050323F /* WWBaseNavigationController.m */,
			);
			path = WWBaseNavigationController;
			sourceTree = "<group>";
		};
		663E52D022C22CE40050323F /* WWBaseTabBarController */ = {
			isa = PBXGroup;
			children = (
				663E52D122C22CE40050323F /* WWBaseTabBarController.h */,
				663E52D322C22CE40050323F /* WWBaseTabBarController.m */,
				663E52D222C22CE40050323F /* WWBaseTabBarConfiguration.plist */,
			);
			path = WWBaseTabBarController;
			sourceTree = "<group>";
		};
		663E52D422C22CE40050323F /* WWBaseViewController */ = {
			isa = PBXGroup;
			children = (
				663E52D522C22CE40050323F /* WWBaseViewController.m */,
				663E52D622C22CE40050323F /* WWBaseViewController.h */,
			);
			path = WWBaseViewController;
			sourceTree = "<group>";
		};
		663E52D722C22CE40050323F /* WWPrivacyHelper */ = {
			isa = PBXGroup;
			children = (
				663E52D822C22CE40050323F /* WWPrivacyHelper.h */,
				663E52D922C22CE40050323F /* WWPrivacyHelper.m */,
			);
			path = WWPrivacyHelper;
			sourceTree = "<group>";
		};
		663E52DB22C22CE40050323F /* WWMacro */ = {
			isa = PBXGroup;
			children = (
				663E52DC22C22CE40050323F /* UIMacro.h */,
				663E52DD22C22CE40050323F /* GeneralConfig.h */,
				663E52DE22C22CE40050323F /* GeneralMacro.h */,
			);
			path = WWMacro;
			sourceTree = "<group>";
		};
		66DDD56C22C2FF6E00764F00 /* FXBlurView */ = {
			isa = PBXGroup;
			children = (
				66DDD56D22C2FF6E00764F00 /* FXBlurView.h */,
				66DDD56E22C2FF6E00764F00 /* FXBlurView.m */,
			);
			path = FXBlurView;
			sourceTree = "<group>";
		};
/* End PBXGroup section */

/* Begin PBXNativeTarget section */
		663E526122C22C4C0050323F /* Demo */ = {
			isa = PBXNativeTarget;
			buildConfigurationList = 663E528E22C22C4D0050323F /* Build configuration list for PBXNativeTarget "Demo" */;
			buildPhases = (
				663E525E22C22C4C0050323F /* Sources */,
				663E525F22C22C4C0050323F /* Frameworks */,
				663E526022C22C4C0050323F /* Resources */,
			);
			buildRules = (
			);
			dependencies = (
			);
			name = Demo;
			productName = Demo;
			productReference = 663E526222C22C4C0050323F /* Demo.app */;
			productType = "com.apple.product-type.application";
		};
		663E527922C22C4D0050323F /* DemoTests */ = {
			isa = PBXNativeTarget;
			buildConfigurationList = 663E529122C22C4D0050323F /* Build configuration list for PBXNativeTarget "DemoTests" */;
			buildPhases = (
				663E527622C22C4D0050323F /* Sources */,
				663E527722C22C4D0050323F /* Frameworks */,
				663E527822C22C4D0050323F /* Resources */,
			);
			buildRules = (
			);
			dependencies = (
				663E527C22C22C4D0050323F /* PBXTargetDependency */,
			);
			name = DemoTests;
			productName = DemoTests;
			productReference = 663E527A22C22C4D0050323F /* DemoTests.xctest */;
			productType = "com.apple.product-type.bundle.unit-test";
		};
		663E528422C22C4D0050323F /* DemoUITests */ = {
			isa = PBXNativeTarget;
			buildConfigurationList = 663E529422C22C4D0050323F /* Build configuration list for PBXNativeTarget "DemoUITests" */;
			buildPhases = (
				663E528122C22C4D0050323F /* Sources */,
				663E528222C22C4D0050323F /* Frameworks */,
				663E528322C22C4D0050323F /* Resources */,
			);
			buildRules = (
			);
			dependencies = (
				663E528722C22C4D0050323F /* PBXTargetDependency */,
			);
			name = DemoUITests;
			productName = DemoUITests;
			productReference = 663E528522C22C4D0050323F /* DemoUITests.xctest */;
			productType = "com.apple.product-type.bundle.ui-testing";
		};
/* End PBXNativeTarget section */

/* Begin PBXProject section */
		663E525A22C22C4C0050323F /* Project object */ = {
			isa = PBXProject;
			attributes = {
				LastUpgradeCheck = 1020;
				ORGANIZATIONNAME = CY;
				TargetAttributes = {
					663E526122C22C4C0050323F = {
						CreatedOnToolsVersion = 10.2.1;
					};
					663E527922C22C4D0050323F = {
						CreatedOnToolsVersion = 10.2.1;
						TestTargetID = 663E526122C22C4C0050323F;
					};
					663E528422C22C4D0050323F = {
						CreatedOnToolsVersion = 10.2.1;
						TestTargetID = 663E526122C22C4C0050323F;
					};
				};
			};
			buildConfigurationList = 663E525D22C22C4C0050323F /* Build configuration list for PBXProject "Demo" */;
			compatibilityVersion = "Xcode 9.3";
			developmentRegion = en;
			hasScannedForEncodings = 0;
			knownRegions = (
				en,
				Base,
			);
			mainGroup = 663E525922C22C4C0050323F;
			productRefGroup = 663E526322C22C4C0050323F /* Products */;
			projectDirPath = "";
			projectRoot = "";
			targets = (
				663E526122C22C4C0050323F /* Demo */,
				663E527922C22C4D0050323F /* DemoTests */,
				663E528422C22C4D0050323F /* DemoUITests */,
			);
		};
/* End PBXProject section */

/* Begin PBXResourcesBuildPhase section */
		663E526022C22C4C0050323F /* Resources */ = {
			isa = PBXResourcesBuildPhase;
			buildActionMask = 2147483647;
			files = (
				663E527222C22C4D0050323F /* LaunchScreen.storyboard in Resources */,
				663E52E522C22CE40050323F /* TagBuilderView.xib in Resources */,
				663E52E322C22CE40050323F /* TagViewStyle.plist in Resources */,
				663E52F022C22CE40050323F /* WWRouter.plist in Resources */,
				663E52E122C22CE40050323F /* menu.plist in Resources */,
				663E526F22C22C4D0050323F /* Assets.xcassets in Resources */,
				663E52F322C22CE40050323F /* WWBaseTabBarConfiguration.plist in Resources */,
				663E526D22C22C4C0050323F /* Main.storyboard in Resources */,
			);
			runOnlyForDeploymentPostprocessing = 0;
		};
		663E527822C22C4D0050323F /* Resources */ = {
			isa = PBXResourcesBuildPhase;
			buildActionMask = 2147483647;
			files = (
			);
			runOnlyForDeploymentPostprocessing = 0;
		};
		663E528322C22C4D0050323F /* Resources */ = {
			isa = PBXResourcesBuildPhase;
			buildActionMask = 2147483647;
			files = (
			);
			runOnlyForDeploymentPostprocessing = 0;
		};
/* End PBXResourcesBuildPhase section */

/* Begin PBXSourcesBuildPhase section */
		663E525E22C22C4C0050323F /* Sources */ = {
			isa = PBXSourcesBuildPhase;
			buildActionMask = 2147483647;
			files = (
				663E52E022C22CE40050323F /* RootTableViewController.m in Sources */,
				663E52E422C22CE40050323F /* TagModel.m in Sources */,
				663E52ED22C22CE40050323F /* NSArray+WWExtension.m in Sources */,
				663E526A22C22C4C0050323F /* ViewController.m in Sources */,
				66DDD56F22C2FF6E00764F00 /* FXBlurView.m in Sources */,
				663E52E622C22CE40050323F /* TagView.m in Sources */,
				663E527522C22C4D0050323F /* main.m in Sources */,
				663E52EA22C22CE40050323F /* LumberjackDemoViewController.m in Sources */,
				663E52EE22C22CE40050323F /* UIView+WWView.m in Sources */,
				663E52E222C22CE40050323F /* TagViewModel.m in Sources */,
				663E526722C22C4C0050323F /* AppDelegate.m in Sources */,
				663E52F122C22CE40050323F /* WWRouter.m in Sources */,
				663E52DF22C22CE40050323F /* UITableView+WWExtension.m in Sources */,
				663E52EC22C22CE40050323F /* NSString+WWExtension.m in Sources */,
				663E52E722C22CE40050323F /* MarkedImageView.m in Sources */,
				663E52EB22C22CE40050323F /* NSDictionary+WWExtension.m in Sources */,
				663E52EF22C22CE40050323F /* WWBaseAppDelegate.m in Sources */,
				663E52F422C22CE40050323F /* WWBaseTabBarController.m in Sources */,
				663E52F222C22CE40050323F /* WWBaseNavigationController.m in Sources */,
				663E52F522C22CE40050323F /* WWBaseViewController.m in Sources */,
				663E52E922C22CE40050323F /* TaggedImageViewController.m in Sources */,
				663E52F622C22CE40050323F /* WWPrivacyHelper.m in Sources */,
				663E52E822C22CE40050323F /* TagBuilderView.m in Sources */,
			);
			runOnlyForDeploymentPostprocessing = 0;
		};
		663E527622C22C4D0050323F /* Sources */ = {
			isa = PBXSourcesBuildPhase;
			buildActionMask = 2147483647;
			files = (
				663E527F22C22C4D0050323F /* DemoTests.m in Sources */,
			);
			runOnlyForDeploymentPostprocessing = 0;
		};
		663E528122C22C4D0050323F /* Sources */ = {
			isa = PBXSourcesBuildPhase;
			buildActionMask = 2147483647;
			files = (
				663E528A22C22C4D0050323F /* DemoUITests.m in Sources */,
			);
			runOnlyForDeploymentPostprocessing = 0;
		};
/* End PBXSourcesBuildPhase section */

/* Begin PBXTargetDependency section */
		663E527C22C22C4D0050323F /* PBXTargetDependency */ = {
			isa = PBXTargetDependency;
			target = 663E526122C22C4C0050323F /* Demo */;
			targetProxy = 663E527B22C22C4D0050323F /* PBXContainerItemProxy */;
		};
		663E528722C22C4D0050323F /* PBXTargetDependency */ = {
			isa = PBXTargetDependency;
			target = 663E526122C22C4C0050323F /* Demo */;
			targetProxy = 663E528622C22C4D0050323F /* PBXContainerItemProxy */;
		};
/* End PBXTargetDependency section */

/* Begin PBXVariantGroup section */
		663E526B22C22C4C0050323F /* Main.storyboard */ = {
			isa = PBXVariantGroup;
			children = (
				663E526C22C22C4C0050323F /* Base */,
			);
			name = Main.storyboard;
			sourceTree = "<group>";
		};
		663E527022C22C4D0050323F /* LaunchScreen.storyboard */ = {
			isa = PBXVariantGroup;
			children = (
				663E527122C22C4D0050323F /* Base */,
			);
			name = LaunchScreen.storyboard;
			sourceTree = "<group>";
		};
/* End PBXVariantGroup section */

/* Begin XCBuildConfiguration section */
		663E528C22C22C4D0050323F /* Debug */ = {
			isa = XCBuildConfiguration;
			buildSettings = {
				ALWAYS_SEARCH_USER_PATHS = NO;
				CLANG_ANALYZER_NONNULL = YES;
				CLANG_ANALYZER_NUMBER_OBJECT_CONVERSION = YES_AGGRESSIVE;
				CLANG_CXX_LANGUAGE_STANDARD = "gnu++14";
				CLANG_CXX_LIBRARY = "libc++";
				CLANG_ENABLE_MODULES = YES;
				CLANG_ENABLE_OBJC_ARC = YES;
				CLANG_ENABLE_OBJC_WEAK = YES;
				CLANG_WARN_BLOCK_CAPTURE_AUTORELEASING = YES;
				CLANG_WARN_BOOL_CONVERSION = YES;
				CLANG_WARN_COMMA = YES;
				CLANG_WARN_CONSTANT_CONVERSION = YES;
				CLANG_WARN_DEPRECATED_OBJC_IMPLEMENTATIONS = YES;
				CLANG_WARN_DIRECT_OBJC_ISA_USAGE = YES_ERROR;
				CLANG_WARN_DOCUMENTATION_COMMENTS = YES;
				CLANG_WARN_EMPTY_BODY = YES;
				CLANG_WARN_ENUM_CONVERSION = YES;
				CLANG_WARN_INFINITE_RECURSION = YES;
				CLANG_WARN_INT_CONVERSION = YES;
				CLANG_WARN_NON_LITERAL_NULL_CONVERSION = YES;
				CLANG_WARN_OBJC_IMPLICIT_RETAIN_SELF = YES;
				CLANG_WARN_OBJC_LITERAL_CONVERSION = YES;
				CLANG_WARN_OBJC_ROOT_CLASS = YES_ERROR;
				CLANG_WARN_RANGE_LOOP_ANALYSIS = YES;
				CLANG_WARN_STRICT_PROTOTYPES = YES;
				CLANG_WARN_SUSPICIOUS_MOVE = YES;
				CLANG_WARN_UNGUARDED_AVAILABILITY = YES_AGGRESSIVE;
				CLANG_WARN_UNREACHABLE_CODE = YES;
				CLANG_WARN__DUPLICATE_METHOD_MATCH = YES;
				CODE_SIGN_IDENTITY = "iPhone Developer";
				COPY_PHASE_STRIP = NO;
				DEBUG_INFORMATION_FORMAT = dwarf;
				ENABLE_STRICT_OBJC_MSGSEND = YES;
				ENABLE_TESTABILITY = YES;
				GCC_C_LANGUAGE_STANDARD = gnu11;
				GCC_DYNAMIC_NO_PIC = NO;
				GCC_NO_COMMON_BLOCKS = YES;
				GCC_OPTIMIZATION_LEVEL = 0;
				GCC_PREPROCESSOR_DEFINITIONS = (
					"DEBUG=1",
					"$(inherited)",
				);
				GCC_WARN_64_TO_32_BIT_CONVERSION = YES;
				GCC_WARN_ABOUT_RETURN_TYPE = YES_ERROR;
				GCC_WARN_UNDECLARED_SELECTOR = YES;
				GCC_WARN_UNINITIALIZED_AUTOS = YES_AGGRESSIVE;
				GCC_WARN_UNUSED_FUNCTION = YES;
				GCC_WARN_UNUSED_VARIABLE = YES;
				IPHONEOS_DEPLOYMENT_TARGET = 12.2;
				MTL_ENABLE_DEBUG_INFO = INCLUDE_SOURCE;
				MTL_FAST_MATH = YES;
				ONLY_ACTIVE_ARCH = YES;
				SDKROOT = iphoneos;
			};
			name = Debug;
		};
		663E528D22C22C4D0050323F /* Release */ = {
			isa = XCBuildConfiguration;
			buildSettings = {
				ALWAYS_SEARCH_USER_PATHS = NO;
				CLANG_ANALYZER_NONNULL = YES;
				CLANG_ANALYZER_NUMBER_OBJECT_CONVERSION = YES_AGGRESSIVE;
				CLANG_CXX_LANGUAGE_STANDARD = "gnu++14";
				CLANG_CXX_LIBRARY = "libc++";
				CLANG_ENABLE_MODULES = YES;
				CLANG_ENABLE_OBJC_ARC = YES;
				CLANG_ENABLE_OBJC_WEAK = YES;
				CLANG_WARN_BLOCK_CAPTURE_AUTORELEASING = YES;
				CLANG_WARN_BOOL_CONVERSION = YES;
				CLANG_WARN_COMMA = YES;
				CLANG_WARN_CONSTANT_CONVERSION = YES;
				CLANG_WARN_DEPRECATED_OBJC_IMPLEMENTATIONS = YES;
				CLANG_WARN_DIRECT_OBJC_ISA_USAGE = YES_ERROR;
				CLANG_WARN_DOCUMENTATION_COMMENTS = YES;
				CLANG_WARN_EMPTY_BODY = YES;
				CLANG_WARN_ENUM_CONVERSION = YES;
				CLANG_WARN_INFINITE_RECURSION = YES;
				CLANG_WARN_INT_CONVERSION = YES;
				CLANG_WARN_NON_LITERAL_NULL_CONVERSION = YES;
				CLANG_WARN_OBJC_IMPLICIT_RETAIN_SELF = YES;
				CLANG_WARN_OBJC_LITERAL_CONVERSION = YES;
				CLANG_WARN_OBJC_ROOT_CLASS = YES_ERROR;
				CLANG_WARN_RANGE_LOOP_ANALYSIS = YES;
				CLANG_WARN_STRICT_PROTOTYPES = YES;
				CLANG_WARN_SUSPICIOUS_MOVE = YES;
				CLANG_WARN_UNGUARDED_AVAILABILITY = YES_AGGRESSIVE;
				CLANG_WARN_UNREACHABLE_CODE = YES;
				CLANG_WARN__DUPLICATE_METHOD_MATCH = YES;
				CODE_SIGN_IDENTITY = "iPhone Developer";
				COPY_PHASE_STRIP = NO;
				DEBUG_INFORMATION_FORMAT = "dwarf-with-dsym";
				ENABLE_NS_ASSERTIONS = NO;
				ENABLE_STRICT_OBJC_MSGSEND = YES;
				GCC_C_LANGUAGE_STANDARD = gnu11;
				GCC_NO_COMMON_BLOCKS = YES;
				GCC_WARN_64_TO_32_BIT_CONVERSION = YES;
				GCC_WARN_ABOUT_RETURN_TYPE = YES_ERROR;
				GCC_WARN_UNDECLARED_SELECTOR = YES;
				GCC_WARN_UNINITIALIZED_AUTOS = YES_AGGRESSIVE;
				GCC_WARN_UNUSED_FUNCTION = YES;
				GCC_WARN_UNUSED_VARIABLE = YES;
				IPHONEOS_DEPLOYMENT_TARGET = 12.2;
				MTL_ENABLE_DEBUG_INFO = NO;
				MTL_FAST_MATH = YES;
				SDKROOT = iphoneos;
				VALIDATE_PRODUCT = YES;
			};
			name = Release;
		};
		663E528F22C22C4D0050323F /* Debug */ = {
			isa = XCBuildConfiguration;
			buildSettings = {
				ASSETCATALOG_COMPILER_APPICON_NAME = AppIcon;
				CODE_SIGN_STYLE = Automatic;
				DEVELOPMENT_TEAM = VT644R5V5E;
				GCC_PREFIX_HEADER = $SRCROOT/Demo/PrefixHeader.pch;
				INFOPLIST_FILE = Demo/Info.plist;
				IPHONEOS_DEPLOYMENT_TARGET = 9.0;
				LD_RUNPATH_SEARCH_PATHS = (
					"$(inherited)",
					"@executable_path/Frameworks",
				);
				PRODUCT_BUNDLE_IDENTIFIER = xiaohuihui.Demo;
				PRODUCT_NAME = "$(TARGET_NAME)";
				TARGETED_DEVICE_FAMILY = "1,2";
			};
			name = Debug;
		};
		663E529022C22C4D0050323F /* Release */ = {
			isa = XCBuildConfiguration;
			buildSettings = {
				ASSETCATALOG_COMPILER_APPICON_NAME = AppIcon;
				CODE_SIGN_STYLE = Automatic;
				DEVELOPMENT_TEAM = VT644R5V5E;
				GCC_PREFIX_HEADER = $SRCROOT/Demo/PrefixHeader.pch;
				INFOPLIST_FILE = Demo/Info.plist;
				IPHONEOS_DEPLOYMENT_TARGET = 9.0;
				LD_RUNPATH_SEARCH_PATHS = (
					"$(inherited)",
					"@executable_path/Frameworks",
				);
				PRODUCT_BUNDLE_IDENTIFIER = xiaohuihui.Demo;
				PRODUCT_NAME = "$(TARGET_NAME)";
				TARGETED_DEVICE_FAMILY = "1,2";
			};
			name = Release;
		};
		663E529222C22C4D0050323F /* Debug */ = {
			isa = XCBuildConfiguration;
			buildSettings = {
				BUNDLE_LOADER = "$(TEST_HOST)";
				CODE_SIGN_STYLE = Automatic;
				INFOPLIST_FILE = DemoTests/Info.plist;
				LD_RUNPATH_SEARCH_PATHS = (
					"$(inherited)",
					"@executable_path/Frameworks",
					"@loader_path/Frameworks",
				);
				PRODUCT_BUNDLE_IDENTIFIER = xiaohuihui.DemoTests;
				PRODUCT_NAME = "$(TARGET_NAME)";
				TARGETED_DEVICE_FAMILY = "1,2";
				TEST_HOST = "$(BUILT_PRODUCTS_DIR)/Demo.app/Demo";
			};
			name = Debug;
		};
		663E529322C22C4D0050323F /* Release */ = {
			isa = XCBuildConfiguration;
			buildSettings = {
				BUNDLE_LOADER = "$(TEST_HOST)";
				CODE_SIGN_STYLE = Automatic;
				INFOPLIST_FILE = DemoTests/Info.plist;
				LD_RUNPATH_SEARCH_PATHS = (
					"$(inherited)",
					"@executable_path/Frameworks",
					"@loader_path/Frameworks",
				);
				PRODUCT_BUNDLE_IDENTIFIER = xiaohuihui.DemoTests;
				PRODUCT_NAME = "$(TARGET_NAME)";
				TARGETED_DEVICE_FAMILY = "1,2";
				TEST_HOST = "$(BUILT_PRODUCTS_DIR)/Demo.app/Demo";
			};
			name = Release;
		};
		663E529522C22C4D0050323F /* Debug */ = {
			isa = XCBuildConfiguration;
			buildSettings = {
				CODE_SIGN_STYLE = Automatic;
				INFOPLIST_FILE = DemoUITests/Info.plist;
				LD_RUNPATH_SEARCH_PATHS = (
					"$(inherited)",
					"@executable_path/Frameworks",
					"@loader_path/Frameworks",
				);
				PRODUCT_BUNDLE_IDENTIFIER = xiaohuihui.DemoUITests;
				PRODUCT_NAME = "$(TARGET_NAME)";
				TARGETED_DEVICE_FAMILY = "1,2";
				TEST_TARGET_NAME = Demo;
			};
			name = Debug;
		};
		663E529622C22C4D0050323F /* Release */ = {
			isa = XCBuildConfiguration;
			buildSettings = {
				CODE_SIGN_STYLE = Automatic;
				INFOPLIST_FILE = DemoUITests/Info.plist;
				LD_RUNPATH_SEARCH_PATHS = (
					"$(inherited)",
					"@executable_path/Frameworks",
					"@loader_path/Frameworks",
				);
				PRODUCT_BUNDLE_IDENTIFIER = xiaohuihui.DemoUITests;
				PRODUCT_NAME = "$(TARGET_NAME)";
				TARGETED_DEVICE_FAMILY = "1,2";
				TEST_TARGET_NAME = Demo;
			};
			name = Release;
		};
/* End XCBuildConfiguration section */

/* Begin XCConfigurationList section */
		663E525D22C22C4C0050323F /* Build configuration list for PBXProject "Demo" */ = {
			isa = XCConfigurationList;
			buildConfigurations = (
				663E528C22C22C4D0050323F /* Debug */,
				663E528D22C22C4D0050323F /* Release */,
			);
			defaultConfigurationIsVisible = 0;
			defaultConfigurationName = Release;
		};
		663E528E22C22C4D0050323F /* Build configuration list for PBXNativeTarget "Demo" */ = {
			isa = XCConfigurationList;
			buildConfigurations = (
				663E528F22C22C4D0050323F /* Debug */,
				663E529022C22C4D0050323F /* Release */,
			);
			defaultConfigurationIsVisible = 0;
			defaultConfigurationName = Release;
		};
		663E529122C22C4D0050323F /* Build configuration list for PBXNativeTarget "DemoTests" */ = {
			isa = XCConfigurationList;
			buildConfigurations = (
				663E529222C22C4D0050323F /* Debug */,
				663E529322C22C4D0050323F /* Release */,
			);
			defaultConfigurationIsVisible = 0;
			defaultConfigurationName = Release;
		};
		663E529422C22C4D0050323F /* Build configuration list for PBXNativeTarget "DemoUITests" */ = {
			isa = XCConfigurationList;
			buildConfigurations = (
				663E529522C22C4D0050323F /* Debug */,
				663E529622C22C4D0050323F /* Release */,
			);
			defaultConfigurationIsVisible = 0;
			defaultConfigurationName = Release;
		};
/* End XCConfigurationList section */
	};
	rootObject = 663E525A22C22C4C0050323F /* Project object */;
}
